
Microsoft Visual Studio Solution File, Format Version 12.00
# Visual Studio 15
VisualStudioVersion = 15.0.28307.645
MinimumVisualStudioVersion = 10.0.40219.1
Project("{FAE04EC0-301F-11D3-BF4B-00C04F79EFBC}") = "ExampleApp", "ExampleApp\ExampleApp.csproj", "{C58107D2-5215-4B3D-8390-A0C19A12D50C}"
EndProject
Global
	GlobalSection(SolutionConfigurationPlatforms) = preSolution
		Debug|Any CPU = Debug|Any CPU
		Release|Any CPU = Release|Any CPU
	EndGlobalSection
	GlobalSection(ProjectConfigurationPlatforms) = postSolution
		{C58107D2-5215-4B3D-8390-A0C19A12D50C}.Debug|Any CPU.ActiveCfg = Debug|Any CPU
		{C58107D2-5215-4B3D-8390-A0C19A12D50C}.Debug|Any CPU.Build.0 = Debug|Any CPU
		{C58107D2-5215-4B3D-8390-A0C19A12D50C}.Release|Any CPU.ActiveCfg = Release|Any CPU
		{C58107D2-5215-4B3D-8390-A0C19A12D50C}.Release|Any CPU.Build.0 = Release|Any CPU
	EndGlobalSection
	GlobalSection(SolutionProperties) = preSolution
		HideSolutionNode = FALSE
	EndGlobalSection
	GlobalSection(ExtensibilityGlobals) = postSolution
		SolutionGuid = {749C3182-629E-45B5-AEF9-C8E9F06F993E}
	EndGlobalSection
EndGlobal
